
Microsoft Visual Studio Solution File, Format Version 12.00
# Visual Studio Version 16
VisualStudioVersion = 16.0.29409.12
MinimumVisualStudioVersion = 10.0.40219.1
Project("{8BC9CEB8-8B4A-11D0-8D11-00A0C91BC942}") = "ReactivityProfiler", "ReactivityProfiler\ReactivityProfiler.vcxproj", "{5A47F71D-31D4-4E1E-A37D-167EFDD4787A}"
	ProjectSection(ProjectDependencies) = postProject
		{C03C1702-DB38-4BE9-B031-CAE6F1025734} = {C03C1702-DB38-4BE9-B031-CAE6F1025734}
	EndProjectSection
EndProject
Project("{9A19103F-16F7-4668-BE54-9A1E7A4F7556}") = "TestProfilee", "TestProfilee\TestProfilee.csproj", "{CE99A098-DFD3-4FE1-81E1-1B118C17FF1A}"
EndProject
Project("{9A19103F-16F7-4668-BE54-9A1E7A4F7556}") = "ReactivityProfiler.Support", "ReactivityProfiler.Support\ReactivityProfiler.Support.csproj", "{C03C1702-DB38-4BE9-B031-CAE6F1025734}"
EndProject
Project("{8BC9CEB8-8B4A-11D0-8D11-00A0C91BC942}") = "ReactivityProfiler.Tests", "ReactivityProfiler.Tests\ReactivityProfiler.Tests.vcxproj", "{18AC2F8C-828E-4D3C-8A28-46B862DD8C72}"
EndProject
Project("{FAE04EC0-301F-11D3-BF4B-00C04F79EFBC}") = "PdbReading.Experiment", "PdbReading.Experiment\PdbReading.Experiment.csproj", "{FFB2BE8B-BCFC-459C-9E41-6167ADC0929F}"
EndProject
Project("{FAE04EC0-301F-11D3-BF4B-00C04F79EFBC}") = "ReactivityProfiler.Protocol", "ReactivityProfiler.Protocol\ReactivityProfiler.Protocol.csproj", "{0E952B06-FA2E-43F5-A73C-C2B9884E0F3C}"
EndProject
Global
	GlobalSection(SolutionConfigurationPlatforms) = preSolution
		Debug|x64 = Debug|x64
		Debug|x86 = Debug|x86
		Release|x64 = Release|x64
		Release|x86 = Release|x86
	EndGlobalSection
	GlobalSection(ProjectConfigurationPlatforms) = postSolution
		{5A47F71D-31D4-4E1E-A37D-167EFDD4787A}.Debug|x64.ActiveCfg = Debug|x64
		{5A47F71D-31D4-4E1E-A37D-167EFDD4787A}.Debug|x64.Build.0 = Debug|x64
		{5A47F71D-31D4-4E1E-A37D-167EFDD4787A}.Debug|x86.ActiveCfg = Debug|Win32
		{5A47F71D-31D4-4E1E-A37D-167EFDD4787A}.Debug|x86.Build.0 = Debug|Win32
		{5A47F71D-31D4-4E1E-A37D-167EFDD4787A}.Release|x64.ActiveCfg = Release|x64
		{5A47F71D-31D4-4E1E-A37D-167EFDD4787A}.Release|x64.Build.0 = Release|x64
		{5A47F71D-31D4-4E1E-A37D-167EFDD4787A}.Release|x86.ActiveCfg = Release|Win32
		{5A47F71D-31D4-4E1E-A37D-167EFDD4787A}.Release|x86.Build.0 = Release|Win32
		{CE99A098-DFD3-4FE1-81E1-1B118C17FF1A}.Debug|x64.ActiveCfg = Debug|Any CPU
		{CE99A098-DFD3-4FE1-81E1-1B118C17FF1A}.Debug|x64.Build.0 = Debug|Any CPU
		{CE99A098-DFD3-4FE1-81E1-1B118C17FF1A}.Debug|x86.ActiveCfg = Debug|Any CPU
		{CE99A098-DFD3-4FE1-81E1-1B118C17FF1A}.Debug|x86.Build.0 = Debug|Any CPU
		{CE99A098-DFD3-4FE1-81E1-1B118C17FF1A}.Release|x64.ActiveCfg = Release|Any CPU
		{CE99A098-DFD3-4FE1-81E1-1B118C17FF1A}.Release|x64.Build.0 = Release|Any CPU
		{CE99A098-DFD3-4FE1-81E1-1B118C17FF1A}.Release|x86.ActiveCfg = Release|Any CPU
		{CE99A098-DFD3-4FE1-81E1-1B118C17FF1A}.Release|x86.Build.0 = Release|Any CPU
		{C03C1702-DB38-4BE9-B031-CAE6F1025734}.Debug|x64.ActiveCfg = Debug|Any CPU
		{C03C1702-DB38-4BE9-B031-CAE6F1025734}.Debug|x64.Build.0 = Debug|Any CPU
		{C03C1702-DB38-4BE9-B031-CAE6F1025734}.Debug|x86.ActiveCfg = Debug|Any CPU
		{C03C1702-DB38-4BE9-B031-CAE6F1025734}.Debug|x86.Build.0 = Debug|Any CPU
		{C03C1702-DB38-4BE9-B031-CAE6F1025734}.Release|x64.ActiveCfg = Release|Any CPU
		{C03C1702-DB38-4BE9-B031-CAE6F1025734}.Release|x64.Build.0 = Release|Any CPU
		{C03C1702-DB38-4BE9-B031-CAE6F1025734}.Release|x86.ActiveCfg = Release|Any CPU
		{C03C1702-DB38-4BE9-B031-CAE6F1025734}.Release|x86.Build.0 = Release|Any CPU
		{18AC2F8C-828E-4D3C-8A28-46B862DD8C72}.Debug|x64.ActiveCfg = Debug|x64
		{18AC2F8C-828E-4D3C-8A28-46B862DD8C72}.Debug|x64.Build.0 = Debug|x64
		{18AC2F8C-828E-4D3C-8A28-46B862DD8C72}.Debug|x86.ActiveCfg = Debug|Win32
		{18AC2F8C-828E-4D3C-8A28-46B862DD8C72}.Debug|x86.Build.0 = Debug|Win32
		{18AC2F8C-828E-4D3C-8A28-46B862DD8C72}.Release|x64.ActiveCfg = Release|x64
		{18AC2F8C-828E-4D3C-8A28-46B862DD8C72}.Release|x64.Build.0 = Release|x64
		{18AC2F8C-828E-4D3C-8A28-46B862DD8C72}.Release|x86.ActiveCfg = Release|Win32
		{18AC2F8C-828E-4D3C-8A28-46B862DD8C72}.Release|x86.Build.0 = Release|Win32
		{FFB2BE8B-BCFC-459C-9E41-6167ADC0929F}.Debug|x64.ActiveCfg = Debug|x86
		{FFB2BE8B-BCFC-459C-9E41-6167ADC0929F}.Debug|x64.Build.0 = Debug|x86
		{FFB2BE8B-BCFC-459C-9E41-6167ADC0929F}.Debug|x86.ActiveCfg = Debug|Any CPU
		{FFB2BE8B-BCFC-459C-9E41-6167ADC0929F}.Debug|x86.Build.0 = Debug|Any CPU
		{FFB2BE8B-BCFC-459C-9E41-6167ADC0929F}.Release|x64.ActiveCfg = Release|Any CPU
		{FFB2BE8B-BCFC-459C-9E41-6167ADC0929F}.Release|x64.Build.0 = Release|Any CPU
		{FFB2BE8B-BCFC-459C-9E41-6167ADC0929F}.Release|x86.ActiveCfg = Release|Any CPU
		{FFB2BE8B-BCFC-459C-9E41-6167ADC0929F}.Release|x86.Build.0 = Release|Any CPU
		{0E952B06-FA2E-43F5-A73C-C2B9884E0F3C}.Debug|x64.ActiveCfg = Debug|Any CPU
		{0E952B06-FA2E-43F5-A73C-C2B9884E0F3C}.Debug|x64.Build.0 = Debug|Any CPU
		{0E952B06-FA2E-43F5-A73C-C2B9884E0F3C}.Debug|x86.ActiveCfg = Debug|Any CPU
		{0E952B06-FA2E-43F5-A73C-C2B9884E0F3C}.Debug|x86.Build.0 = Debug|Any CPU
		{0E952B06-FA2E-43F5-A73C-C2B9884E0F3C}.Release|x64.ActiveCfg = Release|Any CPU
		{0E952B06-FA2E-43F5-A73C-C2B9884E0F3C}.Release|x64.Build.0 = Release|Any CPU
		{0E952B06-FA2E-43F5-A73C-C2B9884E0F3C}.Release|x86.ActiveCfg = Release|Any CPU
		{0E952B06-FA2E-43F5-A73C-C2B9884E0F3C}.Release|x86.Build.0 = Release|Any CPU
	EndGlobalSection
	GlobalSection(SolutionProperties) = preSolution
		HideSolutionNode = FALSE
	EndGlobalSection
	GlobalSection(ExtensibilityGlobals) = postSolution
		SolutionGuid = {9D9725BC-2787-49CB-9666-A2013C176AF9}
	EndGlobalSection
EndGlobal
