<?xml version="1.0" encoding="utf-8"?>
<Project ToolsVersion="4.0" xmlns="http://schemas.microsoft.com/developer/msbuild/2003">
  <ItemGroup>
    <Filter Include="Source Files">
      <UniqueIdentifier>{4FC737F1-C7A5-4376-A066-2A32D752A2FF}</UniqueIdentifier>
      <Extensions>cpp;c;cc;cxx;def;odl;idl;hpj;bat;asm;asmx</Extensions>
    </Filter>
    <Filter Include="Header Files">
      <UniqueIdentifier>{93995380-89BD-4b04-88EB-625FBE52EBFB}</UniqueIdentifier>
      <Extensions>h;hh;hpp;hxx;hm;inl;inc;ipp;xsd</Extensions>
    </Filter>
    <Filter Include="Resource Files">
      <UniqueIdentifier>{67DA6AB6-F800-4c08-8B7A-83BB121AAD01}</UniqueIdentifier>
      <Extensions>rc;ico;cur;bmp;dlg;rc2;rct;bin;rgs;gif;jpg;jpeg;jpe;resx;tiff;tif;png;wav;mfcribbon-ms</Extensions>
    </Filter>
    <Filter Include="Generated Files">
      <UniqueIdentifier>{5fe6210e-870b-4476-8ef4-76a5d4e29002}</UniqueIdentifier>
      <SourceControlFiles>False</SourceControlFiles>
    </Filter>
    <Filter Include="Instrumentation">
      <UniqueIdentifier>{2dfeb06d-3286-4fe9-bf84-687bffa03c37}</UniqueIdentifier>
    </Filter>
  </ItemGroup>
  <ItemGroup>
    <ClInclude Include="framework.h">
      <Filter>Header Files</Filter>
    </ClInclude>
    <ClInclude Include="targetver.h">
      <Filter>Header Files</Filter>
    </ClInclude>
    <ClInclude Include="Resource.h">
      <Filter>Header Files</Filter>
    </ClInclude>
    <ClInclude Include="dllmain.h">
      <Filter>Header Files</Filter>
    </ClInclude>
    <ClInclude Include="ReactivityProfiler_i.h">
      <Filter>Generated Files</Filter>
    </ClInclude>
    <ClInclude Include="pch.h">
      <Filter>Header Files</Filter>
    </ClInclude>
    <ClInclude Include="RxProfiler.h">
      <Filter>Header Files</Filter>
    </ClInclude>
    <ClInclude Include="ProfileBase.h">
      <Filter>Header Files</Filter>
    </ClInclude>
    <ClInclude Include="ReleaseTrace.h">
      <Filter>Header Files</Filter>
    </ClInclude>
    <ClInclude Include="Utility.h">
      <Filter>Header Files</Filter>
    </ClInclude>
    <ClInclude Include="ProfilerInfo.h">
      <Filter>Header Files</Filter>
    </ClInclude>
    <ClInclude Include="concurrentmap.h">
      <Filter>Header Files</Filter>
    </ClInclude>
    <ClInclude Include="Instrumentation\ExceptionHandler.h">
      <Filter>Instrumentation</Filter>
    </ClInclude>
    <ClInclude Include="Instrumentation\Instruction.h">
      <Filter>Instrumentation</Filter>
    </ClInclude>
    <ClInclude Include="Instrumentation\Method.h">
      <Filter>Instrumentation</Filter>
    </ClInclude>
    <ClInclude Include="Instrumentation\MethodBuffer.h">
      <Filter>Instrumentation</Filter>
    </ClInclude>
    <ClInclude Include="Instrumentation\Operations.h">
      <Filter>Instrumentation</Filter>
    </ClInclude>
    <ClInclude Include="simplespan.h">
      <Filter>Header Files</Filter>
    </ClInclude>
    <ClInclude Include="MethodSignature.h">
      <Filter>Header Files</Filter>
    </ClInclude>
    <ClInclude Include="Signature.h">
      <Filter>Header Files</Filter>
    </ClInclude>
  </ItemGroup>
  <ItemGroup>
    <ClCompile Include="ReactivityProfiler.cpp">
      <Filter>Source Files</Filter>
    </ClCompile>
    <ClCompile Include="dllmain.cpp">
      <Filter>Source Files</Filter>
    </ClCompile>
    <ClCompile Include="ReactivityProfiler_i.c">
      <Filter>Generated Files</Filter>
    </ClCompile>
    <ClCompile Include="pch.cpp">
      <Filter>Source Files</Filter>
    </ClCompile>
    <ClCompile Include="RxProfiler.cpp">
      <Filter>Source Files</Filter>
    </ClCompile>
    <ClCompile Include="ProfilerInfo.cpp">
      <Filter>Source Files</Filter>
    </ClCompile>
    <ClCompile Include="Instrumentation\ExceptionHandler.cpp">
      <Filter>Instrumentation</Filter>
    </ClCompile>
    <ClCompile Include="Instrumentation\Instruction.cpp">
      <Filter>Instrumentation</Filter>
    </ClCompile>
    <ClCompile Include="Instrumentation\Method.cpp">
      <Filter>Instrumentation</Filter>
    </ClCompile>
    <ClCompile Include="Instrumentation\Operations.cpp">
      <Filter>Instrumentation</Filter>
    </ClCompile>
    <ClCompile Include="MethodSignature.cpp">
      <Filter>Source Files</Filter>
    </ClCompile>
    <ClCompile Include="Signature.cpp">
      <Filter>Source Files</Filter>
    </ClCompile>
  </ItemGroup>
  <ItemGroup>
    <ResourceCompile Include="ReactivityProfiler.rc">
      <Filter>Resource Files</Filter>
    </ResourceCompile>
  </ItemGroup>
  <ItemGroup>
    <None Include="ReactivityProfiler.rgs">
      <Filter>Resource Files</Filter>
    </None>
    <None Include="ReactivityProfiler.def">
      <Filter>Source Files</Filter>
    </None>
    <None Include="RxProfiler.rgs">
      <Filter>Resource Files</Filter>
    </None>
  </ItemGroup>
  <ItemGroup>
    <Midl Include="ReactivityProfiler.idl">
      <Filter>Source Files</Filter>
    </Midl>
  </ItemGroup>
</Project>